
Microsoft Visual Studio Solution File, Format Version 12.00
Project("{FAE04EC0-301F-11D3-BF4B-00C04F79EFBC}") = "EPTools.CLI", "EPTools.CLI\EPTools.CLI.csproj", "{951E485B-C1F5-47F3-BC93-682A36531822}"
EndProject
Project("{FAE04EC0-301F-11D3-BF4B-00C04F79EFBC}") = "EPTools.Core", "EPTools.Core\EPTools.Core.csproj", "{987D83E0-414D-4D7E-9D81-C6690DF0059F}"
EndProject
Project("{FAE04EC0-301F-11D3-BF4B-00C04F79EFBC}") = "EPTools.Blazor", "EPTools.Blazor\EPTools.Blazor.csproj", "{CC8AFE9F-3779-4E52-B6F1-E76DB1AC5FDA}"
EndProject
Project("{FAE04EC0-301F-11D3-BF4B-00C04F79EFBC}") = "EPTools.Desktop", "EPTools.Desktop\EPTools.Desktop.csproj", "{3AD8C98A-3FA6-4A49-B651-DBD41B6FBFFB}"
EndProject
Project("{FAE04EC0-301F-11D3-BF4B-00C04F79EFBC}") = "EPTools.Desktop.Tests", "EPTools.Desktop.Tests\EPTools.Desktop.Tests.csproj", "{82D6F88F-E92A-42FD-870E-D1738E7C0E07}"
EndProject
Global
	GlobalSection(SolutionConfigurationPlatforms) = preSolution
		Debug|Any CPU = Debug|Any CPU
		Release|Any CPU = Release|Any CPU
	EndGlobalSection
	GlobalSection(ProjectConfigurationPlatforms) = postSolution
		{951E485B-C1F5-47F3-BC93-682A36531822}.Debug|Any CPU.ActiveCfg = Debug|Any CPU
		{951E485B-C1F5-47F3-BC93-682A36531822}.Debug|Any CPU.Build.0 = Debug|Any CPU
		{951E485B-C1F5-47F3-BC93-682A36531822}.Release|Any CPU.ActiveCfg = Release|Any CPU
		{951E485B-C1F5-47F3-BC93-682A36531822}.Release|Any CPU.Build.0 = Release|Any CPU
		{987D83E0-414D-4D7E-9D81-C6690DF0059F}.Debug|Any CPU.ActiveCfg = Debug|Any CPU
		{987D83E0-414D-4D7E-9D81-C6690DF0059F}.Debug|Any CPU.Build.0 = Debug|Any CPU
		{987D83E0-414D-4D7E-9D81-C6690DF0059F}.Release|Any CPU.ActiveCfg = Release|Any CPU
		{987D83E0-414D-4D7E-9D81-C6690DF0059F}.Release|Any CPU.Build.0 = Release|Any CPU
		{CC8AFE9F-3779-4E52-B6F1-E76DB1AC5FDA}.Debug|Any CPU.ActiveCfg = Debug|Any CPU
		{CC8AFE9F-3779-4E52-B6F1-E76DB1AC5FDA}.Debug|Any CPU.Build.0 = Debug|Any CPU
		{CC8AFE9F-3779-4E52-B6F1-E76DB1AC5FDA}.Release|Any CPU.ActiveCfg = Release|Any CPU
		{CC8AFE9F-3779-4E52-B6F1-E76DB1AC5FDA}.Release|Any CPU.Build.0 = Release|Any CPU
		{3AD8C98A-3FA6-4A49-B651-DBD41B6FBFFB}.Debug|Any CPU.ActiveCfg = Debug|Any CPU
		{3AD8C98A-3FA6-4A49-B651-DBD41B6FBFFB}.Debug|Any CPU.Build.0 = Debug|Any CPU
		{3AD8C98A-3FA6-4A49-B651-DBD41B6FBFFB}.Release|Any CPU.ActiveCfg = Release|Any CPU
		{3AD8C98A-3FA6-4A49-B651-DBD41B6FBFFB}.Release|Any CPU.Build.0 = Release|Any CPU
		{82D6F88F-E92A-42FD-870E-D1738E7C0E07}.Debug|Any CPU.ActiveCfg = Debug|Any CPU
		{82D6F88F-E92A-42FD-870E-D1738E7C0E07}.Debug|Any CPU.Build.0 = Debug|Any CPU
		{82D6F88F-E92A-42FD-870E-D1738E7C0E07}.Release|Any CPU.ActiveCfg = Release|Any CPU
		{82D6F88F-E92A-42FD-870E-D1738E7C0E07}.Release|Any CPU.Build.0 = Release|Any CPU
	EndGlobalSection
EndGlobal
